
Microsoft Visual Studio Solution File, Format Version 11.00
# Visual C# Express 2010
Project("{FAE04EC0-301F-11D3-BF4B-00C04F79EFBC}") = "Lib", "Lib\Lib.csproj", "{05C60070-F4CD-4485-B438-DF69A2AB8555}"
EndProject
Project("{FAE04EC0-301F-11D3-BF4B-00C04F79EFBC}") = "Editor", "Editor\Editor.csproj", "{E254B3D4-96F8-4E73-8A09-02E7E10729AD}"
EndProject
Global
	GlobalSection(SolutionConfigurationPlatforms) = preSolution
		Debug|Any CPU = Debug|Any CPU
		Release|Any CPU = Release|Any CPU
	EndGlobalSection
	GlobalSection(ProjectConfigurationPlatforms) = postSolution
		{05C60070-F4CD-4485-B438-DF69A2AB8555}.Debug|Any CPU.ActiveCfg = Debug|Any CPU
		{05C60070-F4CD-4485-B438-DF69A2AB8555}.Debug|Any CPU.Build.0 = Debug|Any CPU
		{05C60070-F4CD-4485-B438-DF69A2AB8555}.Release|Any CPU.ActiveCfg = Release|Any CPU
		{05C60070-F4CD-4485-B438-DF69A2AB8555}.Release|Any CPU.Build.0 = Release|Any CPU
		{E254B3D4-96F8-4E73-8A09-02E7E10729AD}.Debug|Any CPU.ActiveCfg = Debug|Any CPU
		{E254B3D4-96F8-4E73-8A09-02E7E10729AD}.Debug|Any CPU.Build.0 = Debug|Any CPU
		{E254B3D4-96F8-4E73-8A09-02E7E10729AD}.Release|Any CPU.ActiveCfg = Release|Any CPU
		{E254B3D4-96F8-4E73-8A09-02E7E10729AD}.Release|Any CPU.Build.0 = Release|Any CPU
	EndGlobalSection
	GlobalSection(SolutionProperties) = preSolution
		HideSolutionNode = FALSE
	EndGlobalSection
EndGlobal
